
Microsoft Visual Studio Solution File, Format Version 12.00
# Visual Studio Version 16
VisualStudioVersion = 16.0.31515.178
MinimumVisualStudioVersion = 10.0.40219.1
Project("{9A19103F-16F7-4668-BE54-9A1E7A4F7556}") = "FW_HST_Transform", "FW_HST_Transform\FW_HST_Transform.csproj", "{933BF0B1-78FD-47BE-980C-E1A1E8ABD85B}"
EndProject
Project("{FAE04EC0-301F-11D3-BF4B-00C04F79EFBC}") = "ConfigServices", "ConfigServices\ConfigServices.csproj", "{72EBC7B6-F569-47D6-9DF9-F90CAEBB99F0}"
EndProject
Project("{FAE04EC0-301F-11D3-BF4B-00C04F79EFBC}") = "LogServices", "LogServices\LogServices.csproj", "{4A601D47-9C58-4A65-9762-68CA3A415BC8}"
EndProject
Global
	GlobalSection(SolutionConfigurationPlatforms) = preSolution
		Debug|Any CPU = Debug|Any CPU
		Release|Any CPU = Release|Any CPU
	EndGlobalSection
	GlobalSection(ProjectConfigurationPlatforms) = postSolution
		{933BF0B1-78FD-47BE-980C-E1A1E8ABD85B}.Debug|Any CPU.ActiveCfg = Debug|Any CPU
		{933BF0B1-78FD-47BE-980C-E1A1E8ABD85B}.Debug|Any CPU.Build.0 = Debug|Any CPU
		{933BF0B1-78FD-47BE-980C-E1A1E8ABD85B}.Release|Any CPU.ActiveCfg = Release|Any CPU
		{933BF0B1-78FD-47BE-980C-E1A1E8ABD85B}.Release|Any CPU.Build.0 = Release|Any CPU
		{72EBC7B6-F569-47D6-9DF9-F90CAEBB99F0}.Debug|Any CPU.ActiveCfg = Debug|Any CPU
		{72EBC7B6-F569-47D6-9DF9-F90CAEBB99F0}.Debug|Any CPU.Build.0 = Debug|Any CPU
		{72EBC7B6-F569-47D6-9DF9-F90CAEBB99F0}.Release|Any CPU.ActiveCfg = Release|Any CPU
		{72EBC7B6-F569-47D6-9DF9-F90CAEBB99F0}.Release|Any CPU.Build.0 = Release|Any CPU
		{4A601D47-9C58-4A65-9762-68CA3A415BC8}.Debug|Any CPU.ActiveCfg = Debug|Any CPU
		{4A601D47-9C58-4A65-9762-68CA3A415BC8}.Debug|Any CPU.Build.0 = Debug|Any CPU
		{4A601D47-9C58-4A65-9762-68CA3A415BC8}.Release|Any CPU.ActiveCfg = Release|Any CPU
		{4A601D47-9C58-4A65-9762-68CA3A415BC8}.Release|Any CPU.Build.0 = Release|Any CPU
	EndGlobalSection
	GlobalSection(SolutionProperties) = preSolution
		HideSolutionNode = FALSE
	EndGlobalSection
	GlobalSection(ExtensibilityGlobals) = postSolution
		SolutionGuid = {9A6F23F7-48BB-464E-B14A-AF1AA57227AC}
	EndGlobalSection
EndGlobal
